
Microsoft Visual Studio Solution File, Format Version 12.00
# Visual Studio Version 17
VisualStudioVersion = 17.14.36518.9 d17.14
MinimumVisualStudioVersion = 10.0.40219.1
Project("{FAE04EC0-301F-11D3-BF4B-00C04F79EFBC}") = "DocumentFlowing", "DocumentFlowing\DocumentFlowing.csproj", "{3570D912-989D-44C2-9EBB-40DED9253585}"
EndProject
Global
	GlobalSection(SolutionConfigurationPlatforms) = preSolution
		Debug|Any CPU = Debug|Any CPU
		Release|Any CPU = Release|Any CPU
	EndGlobalSection
	GlobalSection(ProjectConfigurationPlatforms) = postSolution
		{3570D912-989D-44C2-9EBB-40DED9253585}.Debug|Any CPU.ActiveCfg = Debug|Any CPU
		{3570D912-989D-44C2-9EBB-40DED9253585}.Debug|Any CPU.Build.0 = Debug|Any CPU
		{3570D912-989D-44C2-9EBB-40DED9253585}.Release|Any CPU.ActiveCfg = Release|Any CPU
		{3570D912-989D-44C2-9EBB-40DED9253585}.Release|Any CPU.Build.0 = Release|Any CPU
	EndGlobalSection
	GlobalSection(SolutionProperties) = preSolution
		HideSolutionNode = FALSE
	EndGlobalSection
	GlobalSection(ExtensibilityGlobals) = postSolution
		SolutionGuid = {886E9056-0B60-4205-8A55-E667174D6BEC}
	EndGlobalSection
EndGlobal
